
Microsoft Visual Studio Solution File, Format Version 12.00
# Visual Studio Version 17
VisualStudioVersion = 17.6.33617.297
MinimumVisualStudioVersion = 10.0.40219.1
Project("{FAE04EC0-301F-11D3-BF4B-00C04F79EFBC}") = "Konverter", "Konverter\Konverter.csproj", "{A36699CB-084B-4CE4-9DF3-1EDB69292957}"
EndProject
Global
	GlobalSection(SolutionConfigurationPlatforms) = preSolution
		Debug|Any CPU = Debug|Any CPU
		Release|Any CPU = Release|Any CPU
	EndGlobalSection
	GlobalSection(ProjectConfigurationPlatforms) = postSolution
		{A36699CB-084B-4CE4-9DF3-1EDB69292957}.Debug|Any CPU.ActiveCfg = Debug|Any CPU
		{A36699CB-084B-4CE4-9DF3-1EDB69292957}.Debug|Any CPU.Build.0 = Debug|Any CPU
		{A36699CB-084B-4CE4-9DF3-1EDB69292957}.Release|Any CPU.ActiveCfg = Release|Any CPU
		{A36699CB-084B-4CE4-9DF3-1EDB69292957}.Release|Any CPU.Build.0 = Release|Any CPU
	EndGlobalSection
	GlobalSection(SolutionProperties) = preSolution
		HideSolutionNode = FALSE
	EndGlobalSection
	GlobalSection(ExtensibilityGlobals) = postSolution
		SolutionGuid = {37B5D165-DF2F-4203-A413-42C6F131A4F6}
	EndGlobalSection
EndGlobal
